
Microsoft Visual Studio Solution File, Format Version 12.00
# Visual Studio 2013
VisualStudioVersion = 12.0.21005.1
MinimumVisualStudioVersion = 10.0.40219.1
Project("{8BC9CEB8-8B4A-11D0-8D11-00A0C91BC942}") = "实现不带头单向非循环链表", "实现不带头单向非循环链表\实现不带头单向非循环链表.vcxproj", "{FA52466C-F6DF-471F-8C4A-218F10601BDE}"
EndProject
Global
	GlobalSection(SolutionConfigurationPlatforms) = preSolution
		Debug|Win32 = Debug|Win32
		Release|Win32 = Release|Win32
	EndGlobalSection
	GlobalSection(ProjectConfigurationPlatforms) = postSolution
		{FA52466C-F6DF-471F-8C4A-218F10601BDE}.Debug|Win32.ActiveCfg = Debug|Win32
		{FA52466C-F6DF-471F-8C4A-218F10601BDE}.Debug|Win32.Build.0 = Debug|Win32
		{FA52466C-F6DF-471F-8C4A-218F10601BDE}.Release|Win32.ActiveCfg = Release|Win32
		{FA52466C-F6DF-471F-8C4A-218F10601BDE}.Release|Win32.Build.0 = Release|Win32
	EndGlobalSection
	GlobalSection(SolutionProperties) = preSolution
		HideSolutionNode = FALSE
	EndGlobalSection
EndGlobal
